
Microsoft Visual Studio Solution File, Format Version 12.00
# Visual Studio Version 17
VisualStudioVersion = 17.7.34003.232
MinimumVisualStudioVersion = 10.0.40219.1
Project("{FAE04EC0-301F-11D3-BF4B-00C04F79EFBC}") = "TypescriptApp", "TypescriptApp\TypescriptApp.csproj", "{A6BA8DA1-51B8-461C-83D7-FC0BF20341F3}"
EndProject
Global
	GlobalSection(SolutionConfigurationPlatforms) = preSolution
		Debug|Any CPU = Debug|Any CPU
		Release|Any CPU = Release|Any CPU
	EndGlobalSection
	GlobalSection(ProjectConfigurationPlatforms) = postSolution
		{A6BA8DA1-51B8-461C-83D7-FC0BF20341F3}.Debug|Any CPU.ActiveCfg = Debug|Any CPU
		{A6BA8DA1-51B8-461C-83D7-FC0BF20341F3}.Debug|Any CPU.Build.0 = Debug|Any CPU
		{A6BA8DA1-51B8-461C-83D7-FC0BF20341F3}.Release|Any CPU.ActiveCfg = Release|Any CPU
		{A6BA8DA1-51B8-461C-83D7-FC0BF20341F3}.Release|Any CPU.Build.0 = Release|Any CPU
	EndGlobalSection
	GlobalSection(SolutionProperties) = preSolution
		HideSolutionNode = FALSE
	EndGlobalSection
	GlobalSection(ExtensibilityGlobals) = postSolution
		SolutionGuid = {433A9280-A6C4-4C80-ACAE-D88FE4072A96}
	EndGlobalSection
EndGlobal
